// !$*UTF8*$!
{
	archiveVersion = 1;
	classes = {
	};
	objectVersion = 46;
	objects = {

/* Begin PBXBuildFile section */
		1329D9913A5175BBC191CD49 /* libPods-RunningUITests.a in Frameworks */ = {isa = PBXBuildFile; fileRef = B64F429B372D49AFEFE839BB /* libPods-RunningUITests.a */; };
		525797E803E618AA4C27CA4A /* libPods-Running.a in Frameworks */ = {isa = PBXBuildFile; fileRef = 6432AF2D623D4C74A2789F23 /* libPods-Running.a */; };
		F9DBEF56DFB7BD93F9995776 /* libPods-RunningTests.a in Frameworks */ = {isa = PBXBuildFile; fileRef = 5E12A5F04A52CD5E3E551F35 /* libPods-RunningTests.a */; };
		FE1784ED1F4AC9F400FA8BD4 /* main.m in Sources */ = {isa = PBXBuildFile; fileRef = FE1784EC1F4AC9F400FA8BD4 /* main.m */; };
		FE1784F01F4AC9F400FA8BD4 /* AppDelegate.m in Sources */ = {isa = PBXBuildFile; fileRef = FE1784EF1F4AC9F400FA8BD4 /* AppDelegate.m */; };
		FE1784F61F4AC9F400FA8BD4 /* Main.storyboard in Resources */ = {isa = PBXBuildFile; fileRef = FE1784F41F4AC9F400FA8BD4 /* Main.storyboard */; };
		FE1784F81F4AC9F400FA8BD4 /* Assets.xcassets in Resources */ = {isa = PBXBuildFile; fileRef = FE1784F71F4AC9F400FA8BD4 /* Assets.xcassets */; };
		FE1784FB1F4AC9F400FA8BD4 /* LaunchScreen.storyboard in Resources */ = {isa = PBXBuildFile; fileRef = FE1784F91F4AC9F400FA8BD4 /* LaunchScreen.storyboard */; };
		FE1785061F4AC9F400FA8BD4 /* RunningTests.m in Sources */ = {isa = PBXBuildFile; fileRef = FE1785051F4AC9F400FA8BD4 /* RunningTests.m */; };
		FE1785111F4AC9F400FA8BD4 /* RunningUITests.m in Sources */ = {isa = PBXBuildFile; fileRef = FE1785101F4AC9F400FA8BD4 /* RunningUITests.m */; };
		FE1785211F4ACA2A00FA8BD4 /* UIView.m in Sources */ = {isa = PBXBuildFile; fileRef = FE1785201F4ACA2A00FA8BD4 /* UIView.m */; };
		FE3476C41F4E5D8200436C96 /* Main_ViewController.m in Sources */ = {isa = PBXBuildFile; fileRef = FE3476C31F4E5D8200436C96 /* Main_ViewController.m */; };
		FEA203031F4E764800FB378E /* Main_Scroller_view.m in Sources */ = {isa = PBXBuildFile; fileRef = FEA203021F4E764800FB378E /* Main_Scroller_view.m */; };
		FEA203061F4FCC9400FB378E /* lzj_view.m in Sources */ = {isa = PBXBuildFile; fileRef = FEA203051F4FCC9400FB378E /* lzj_view.m */; };
/* End PBXBuildFile section */

/* Begin PBXContainerItemProxy section */
		FE1785021F4AC9F400FA8BD4 /* PBXContainerItemProxy */ = {
			isa = PBXContainerItemProxy;
			containerPortal = FE1784E01F4AC9F400FA8BD4 /* Project object */;
			proxyType = 1;
			remoteGlobalIDString = FE1784E71F4AC9F400FA8BD4;
			remoteInfo = Running;
		};
		FE17850D1F4AC9F400FA8BD4 /* PBXContainerItemProxy */ = {
			isa = PBXContainerItemProxy;
			containerPortal = FE1784E01F4AC9F400FA8BD4 /* Project object */;
			proxyType = 1;
			remoteGlobalIDString = FE1784E71F4AC9F400FA8BD4;
			remoteInfo = Running;
		};
/* End PBXContainerItemProxy section */

/* Begin PBXFileReference section */
		4112D19F4EBA9A82D8C2C558 /* Pods-Running.debug.xcconfig */ = {isa = PBXFileReference; includeInIndex = 1; lastKnownFileType = text.xcconfig; name = "Pods-Running.debug.xcconfig"; path = "Pods/Target Support Files/Pods-Running/Pods-Running.debug.xcconfig"; sourceTree = "<group>"; };
		46C184AE712D6502081AE28E /* Pods-RunningUITests.release.xcconfig */ = {isa = PBXFileReference; includeInIndex = 1; lastKnownFileType = text.xcconfig; name = "Pods-RunningUITests.release.xcconfig"; path = "Pods/Target Support Files/Pods-RunningUITests/Pods-RunningUITests.release.xcconfig"; sourceTree = "<group>"; };
		470D2CBB0C28245C2FFE7FF7 /* Pods-Running.release.xcconfig */ = {isa = PBXFileReference; includeInIndex = 1; lastKnownFileType = text.xcconfig; name = "Pods-Running.release.xcconfig"; path = "Pods/Target Support Files/Pods-Running/Pods-Running.release.xcconfig"; sourceTree = "<group>"; };
		4EFA982F84BCD942B45B3A89 /* Pods-RunningTests.debug.xcconfig */ = {isa = PBXFileReference; includeInIndex = 1; lastKnownFileType = text.xcconfig; name = "Pods-RunningTests.debug.xcconfig"; path = "Pods/Target Support Files/Pods-RunningTests/Pods-RunningTests.debug.xcconfig"; sourceTree = "<group>"; };
		5E12A5F04A52CD5E3E551F35 /* libPods-RunningTests.a */ = {isa = PBXFileReference; explicitFileType = archive.ar; includeInIndex = 0; path = "libPods-RunningTests.a"; sourceTree = BUILT_PRODUCTS_DIR; };
		6432AF2D623D4C74A2789F23 /* libPods-Running.a */ = {isa = PBXFileReference; explicitFileType = archive.ar; includeInIndex = 0; path = "libPods-Running.a"; sourceTree = BUILT_PRODUCTS_DIR; };
		A713486DFF50D8C612A48241 /* Pods-RunningUITests.debug.xcconfig */ = {isa = PBXFileReference; includeInIndex = 1; lastKnownFileType = text.xcconfig; name = "Pods-RunningUITests.debug.xcconfig"; path = "Pods/Target Support Files/Pods-RunningUITests/Pods-RunningUITests.debug.xcconfig"; sourceTree = "<group>"; };
		B64F429B372D49AFEFE839BB /* libPods-RunningUITests.a */ = {isa = PBXFileReference; explicitFileType = archive.ar; includeInIndex = 0; path = "libPods-RunningUITests.a"; sourceTree = BUILT_PRODUCTS_DIR; };
		C5E0B90236876FAD3C42EA1E /* Pods-RunningTests.release.xcconfig */ = {isa = PBXFileReference; includeInIndex = 1; lastKnownFileType = text.xcconfig; name = "Pods-RunningTests.release.xcconfig"; path = "Pods/Target Support Files/Pods-RunningTests/Pods-RunningTests.release.xcconfig"; sourceTree = "<group>"; };
		FE1784E81F4AC9F400FA8BD4 /* Running.app */ = {isa = PBXFileReference; explicitFileType = wrapper.application; includeInIndex = 0; path = Running.app; sourceTree = BUILT_PRODUCTS_DIR; };
		FE1784EC1F4AC9F400FA8BD4 /* main.m */ = {isa = PBXFileReference; lastKnownFileType = sourcecode.c.objc; path = main.m; sourceTree = "<group>"; };
		FE1784EE1F4AC9F400FA8BD4 /* AppDelegate.h */ = {isa = PBXFileReference; lastKnownFileType = sourcecode.c.h; path = AppDelegate.h; sourceTree = "<group>"; };
		FE1784EF1F4AC9F400FA8BD4 /* AppDelegate.m */ = {isa = PBXFileReference; lastKnownFileType = sourcecode.c.objc; path = AppDelegate.m; sourceTree = "<group>"; };
		FE1784F51F4AC9F400FA8BD4 /* Base */ = {isa = PBXFileReference; lastKnownFileType = file.storyboard; name = Base; path = Base.lproj/Main.storyboard; sourceTree = "<group>"; };
		FE1784F71F4AC9F400FA8BD4 /* Assets.xcassets */ = {isa = PBXFileReference; lastKnownFileType = folder.assetcatalog; path = Assets.xcassets; sourceTree = "<group>"; };
		FE1784FA1F4AC9F400FA8BD4 /* Base */ = {isa = PBXFileReference; lastKnownFileType = file.storyboard; name = Base; path = Base.lproj/LaunchScreen.storyboard; sourceTree = "<group>"; };
		FE1784FC1F4AC9F400FA8BD4 /* Info.plist */ = {isa = PBXFileReference; lastKnownFileType = text.plist.xml; path = Info.plist; sourceTree = "<group>"; };
		FE1785011F4AC9F400FA8BD4 /* RunningTests.xctest */ = {isa = PBXFileReference; explicitFileType = wrapper.cfbundle; includeInIndex = 0; path = RunningTests.xctest; sourceTree = BUILT_PRODUCTS_DIR; };
		FE1785051F4AC9F400FA8BD4 /* RunningTests.m */ = {isa = PBXFileReference; lastKnownFileType = sourcecode.c.objc; path = RunningTests.m; sourceTree = "<group>"; };
		FE1785071F4AC9F400FA8BD4 /* Info.plist */ = {isa = PBXFileReference; lastKnownFileType = text.plist.xml; path = Info.plist; sourceTree = "<group>"; };
		FE17850C1F4AC9F400FA8BD4 /* RunningUITests.xctest */ = {isa = PBXFileReference; explicitFileType = wrapper.cfbundle; includeInIndex = 0; path = RunningUITests.xctest; sourceTree = BUILT_PRODUCTS_DIR; };
		FE1785101F4AC9F400FA8BD4 /* RunningUITests.m */ = {isa = PBXFileReference; lastKnownFileType = sourcecode.c.objc; path = RunningUITests.m; sourceTree = "<group>"; };
		FE1785121F4AC9F400FA8BD4 /* Info.plist */ = {isa = PBXFileReference; lastKnownFileType = text.plist.xml; path = Info.plist; sourceTree = "<group>"; };
		FE17851F1F4ACA2A00FA8BD4 /* UIView.h */ = {isa = PBXFileReference; fileEncoding = 4; lastKnownFileType = sourcecode.c.h; path = UIView.h; sourceTree = "<group>"; };
		FE1785201F4ACA2A00FA8BD4 /* UIView.m */ = {isa = PBXFileReference; fileEncoding = 4; lastKnownFileType = sourcecode.c.objc; path = UIView.m; sourceTree = "<group>"; };
		FE3476B41F4E5B0B00436C96 /* Running_Header.h */ = {isa = PBXFileReference; lastKnownFileType = sourcecode.c.h; path = Running_Header.h; sourceTree = "<group>"; };
		FE3476B51F4E5B1D00436C96 /* Running_PrefixHeader.pch */ = {isa = PBXFileReference; lastKnownFileType = sourcecode.c.h; path = Running_PrefixHeader.pch; sourceTree = "<group>"; };
		FE3476C21F4E5D8200436C96 /* Main_ViewController.h */ = {isa = PBXFileReference; fileEncoding = 4; lastKnownFileType = sourcecode.c.h; path = Main_ViewController.h; sourceTree = "<group>"; };
		FE3476C31F4E5D8200436C96 /* Main_ViewController.m */ = {isa = PBXFileReference; fileEncoding = 4; lastKnownFileType = sourcecode.c.objc; path = Main_ViewController.m; sourceTree = "<group>"; };
		FEA203011F4E764800FB378E /* Main_Scroller_view.h */ = {isa = PBXFileReference; fileEncoding = 4; lastKnownFileType = sourcecode.c.h; path = Main_Scroller_view.h; sourceTree = "<group>"; };
		FEA203021F4E764800FB378E /* Main_Scroller_view.m */ = {isa = PBXFileReference; fileEncoding = 4; lastKnownFileType = sourcecode.c.objc; path = Main_Scroller_view.m; sourceTree = "<group>"; };
		FEA203041F4FCC9400FB378E /* lzj_view.h */ = {isa = PBXFileReference; fileEncoding = 4; lastKnownFileType = sourcecode.c.h; path = lzj_view.h; sourceTree = "<group>"; };
		FEA203051F4FCC9400FB378E /* lzj_view.m */ = {isa = PBXFileReference; fileEncoding = 4; lastKnownFileType = sourcecode.c.objc; path = lzj_view.m; sourceTree = "<group>"; };
/* End PBXFileReference section */

/* Begin PBXFrameworksBuildPhase section */
		FE1784E51F4AC9F400FA8BD4 /* Frameworks */ = {
			isa = PBXFrameworksBuildPhase;
			buildActionMask = 2147483647;
			files = (
				525797E803E618AA4C27CA4A /* libPods-Running.a in Frameworks */,
			);
			runOnlyForDeploymentPostprocessing = 0;
		};
		FE1784FE1F4AC9F400FA8BD4 /* Frameworks */ = {
			isa = PBXFrameworksBuildPhase;
			buildActionMask = 2147483647;
			files = (
				F9DBEF56DFB7BD93F9995776 /* libPods-RunningTests.a in Frameworks */,
			);
			runOnlyForDeploymentPostprocessing = 0;
		};
		FE1785091F4AC9F400FA8BD4 /* Frameworks */ = {
			isa = PBXFrameworksBuildPhase;
			buildActionMask = 2147483647;
			files = (
				1329D9913A5175BBC191CD49 /* libPods-RunningUITests.a in Frameworks */,
			);
			runOnlyForDeploymentPostprocessing = 0;
		};
/* End PBXFrameworksBuildPhase section */

/* Begin PBXGroup section */
		9BDCDF49EFA83427445CE1C3 /* Pods */ = {
			isa = PBXGroup;
			children = (
				4112D19F4EBA9A82D8C2C558 /* Pods-Running.debug.xcconfig */,
				470D2CBB0C28245C2FFE7FF7 /* Pods-Running.release.xcconfig */,
				4EFA982F84BCD942B45B3A89 /* Pods-RunningTests.debug.xcconfig */,
				C5E0B90236876FAD3C42EA1E /* Pods-RunningTests.release.xcconfig */,
				A713486DFF50D8C612A48241 /* Pods-RunningUITests.debug.xcconfig */,
				46C184AE712D6502081AE28E /* Pods-RunningUITests.release.xcconfig */,
			);
			name = Pods;
			sourceTree = "<group>";
		};
		BB1279F804F4F8420BDDB864 /* Frameworks */ = {
			isa = PBXGroup;
			children = (
				6432AF2D623D4C74A2789F23 /* libPods-Running.a */,
				5E12A5F04A52CD5E3E551F35 /* libPods-RunningTests.a */,
				B64F429B372D49AFEFE839BB /* libPods-RunningUITests.a */,
			);
			name = Frameworks;
			sourceTree = "<group>";
		};
		FE1784DF1F4AC9F300FA8BD4 = {
			isa = PBXGroup;
			children = (
				FE1784EA1F4AC9F400FA8BD4 /* Running */,
				FE1785041F4AC9F400FA8BD4 /* RunningTests */,
				FE17850F1F4AC9F400FA8BD4 /* RunningUITests */,
				FE1784E91F4AC9F400FA8BD4 /* Products */,
				9BDCDF49EFA83427445CE1C3 /* Pods */,
				BB1279F804F4F8420BDDB864 /* Frameworks */,
			);
			sourceTree = "<group>";
		};
		FE1784E91F4AC9F400FA8BD4 /* Products */ = {
			isa = PBXGroup;
			children = (
				FE1784E81F4AC9F400FA8BD4 /* Running.app */,
				FE1785011F4AC9F400FA8BD4 /* RunningTests.xctest */,
				FE17850C1F4AC9F400FA8BD4 /* RunningUITests.xctest */,
			);
			name = Products;
			sourceTree = "<group>";
		};
		FE1784EA1F4AC9F400FA8BD4 /* Running */ = {
			isa = PBXGroup;
			children = (
				FE3476BE1F4E5D6A00436C96 /* Main */,
				FE3476BA1F4E5D6600436C96 /* Route */,
				FE3476B61F4E5D5D00436C96 /* My */,
				FE1784EE1F4AC9F400FA8BD4 /* AppDelegate.h */,
				FE1784EF1F4AC9F400FA8BD4 /* AppDelegate.m */,
				FE1784F41F4AC9F400FA8BD4 /* Main.storyboard */,
				FE1784F71F4AC9F400FA8BD4 /* Assets.xcassets */,
				FE1784F91F4AC9F400FA8BD4 /* LaunchScreen.storyboard */,
				FE1784FC1F4AC9F400FA8BD4 /* Info.plist */,
				FE1784EB1F4AC9F400FA8BD4 /* Supporting Files */,
				FEA203041F4FCC9400FB378E /* lzj_view.h */,
				FEA203051F4FCC9400FB378E /* lzj_view.m */,
			);
			path = Running;
			sourceTree = "<group>";
		};
		FE1784EB1F4AC9F400FA8BD4 /* Supporting Files */ = {
			isa = PBXGroup;
			children = (
				FE17851E1F4ACA1D00FA8BD4 /* ALL_Layer */,
				FE1784EC1F4AC9F400FA8BD4 /* main.m */,
				FE3476B41F4E5B0B00436C96 /* Running_Header.h */,
				FE3476B51F4E5B1D00436C96 /* Running_PrefixHeader.pch */,
			);
			name = "Supporting Files";
			sourceTree = "<group>";
		};
		FE1785041F4AC9F400FA8BD4 /* RunningTests */ = {
			isa = PBXGroup;
			children = (
				FE1785051F4AC9F400FA8BD4 /* RunningTests.m */,
				FE1785071F4AC9F400FA8BD4 /* Info.plist */,
			);
			path = RunningTests;
			sourceTree = "<group>";
		};
		FE17850F1F4AC9F400FA8BD4 /* RunningUITests */ = {
			isa = PBXGroup;
			children = (
				FE1785101F4AC9F400FA8BD4 /* RunningUITests.m */,
				FE1785121F4AC9F400FA8BD4 /* Info.plist */,
			);
			path = RunningUITests;
			sourceTree = "<group>";
		};
		FE17851E1F4ACA1D00FA8BD4 /* ALL_Layer */ = {
			isa = PBXGroup;
			children = (
				FE17851F1F4ACA2A00FA8BD4 /* UIView.h */,
				FE1785201F4ACA2A00FA8BD4 /* UIView.m */,
			);
			path = ALL_Layer;
			sourceTree = "<group>";
		};
		FE3476B61F4E5D5D00436C96 /* My */ = {
			isa = PBXGroup;
			children = (
				FE3476B71F4E5D5D00436C96 /* Model */,
				FE3476B81F4E5D5D00436C96 /* View */,
				FE3476B91F4E5D5D00436C96 /* ViewController */,
			);
			path = My;
			sourceTree = "<group>";
		};
		FE3476B71F4E5D5D00436C96 /* Model */ = {
			isa = PBXGroup;
			children = (
			);
			path = Model;
			sourceTree = "<group>";
		};
		FE3476B81F4E5D5D00436C96 /* View */ = {
			isa = PBXGroup;
			children = (
			);
			path = View;
			sourceTree = "<group>";
		};
		FE3476B91F4E5D5D00436C96 /* ViewController */ = {
			isa = PBXGroup;
			children = (
			);
			path = ViewController;
			sourceTree = "<group>";
		};
		FE3476BA1F4E5D6600436C96 /* Route */ = {
			isa = PBXGroup;
			children = (
				FE3476BB1F4E5D6600436C96 /* Model */,
				FE3476BC1F4E5D6600436C96 /* View */,
				FE3476BD1F4E5D6600436C96 /* ViewController */,
			);
			path = Route;
			sourceTree = "<group>";
		};
		FE3476BB1F4E5D6600436C96 /* Model */ = {
			isa = PBXGroup;
			children = (
			);
			path = Model;
			sourceTree = "<group>";
		};
		FE3476BC1F4E5D6600436C96 /* View */ = {
			isa = PBXGroup;
			children = (
			);
			path = View;
			sourceTree = "<group>";
		};
		FE3476BD1F4E5D6600436C96 /* ViewController */ = {
			isa = PBXGroup;
			children = (
			);
			path = ViewController;
			sourceTree = "<group>";
		};
		FE3476BE1F4E5D6A00436C96 /* Main */ = {
			isa = PBXGroup;
			children = (
				FE3476BF1F4E5D6A00436C96 /* Model */,
				FE3476C01F4E5D6A00436C96 /* View */,
				FE3476C11F4E5D6A00436C96 /* ViewController */,
			);
			path = Main;
			sourceTree = "<group>";
		};
		FE3476BF1F4E5D6A00436C96 /* Model */ = {
			isa = PBXGroup;
			children = (
			);
			path = Model;
			sourceTree = "<group>";
		};
		FE3476C01F4E5D6A00436C96 /* View */ = {
			isa = PBXGroup;
			children = (
				FEA203011F4E764800FB378E /* Main_Scroller_view.h */,
				FEA203021F4E764800FB378E /* Main_Scroller_view.m */,
			);
			path = View;
			sourceTree = "<group>";
		};
		FE3476C11F4E5D6A00436C96 /* ViewController */ = {
			isa = PBXGroup;
			children = (
				FE3476C21F4E5D8200436C96 /* Main_ViewController.h */,
				FE3476C31F4E5D8200436C96 /* Main_ViewController.m */,
			);
			path = ViewController;
			sourceTree = "<group>";
		};
/* End PBXGroup section */

/* Begin PBXNativeTarget section */
		FE1784E71F4AC9F400FA8BD4 /* Running */ = {
			isa = PBXNativeTarget;
			buildConfigurationList = FE1785151F4AC9F400FA8BD4 /* Build configuration list for PBXNativeTarget "Running" */;
			buildPhases = (
				7F974AFF49AFA16D0B6502EC /* [CP] Check Pods Manifest.lock */,
				FE1784E41F4AC9F400FA8BD4 /* Sources */,
				FE1784E51F4AC9F400FA8BD4 /* Frameworks */,
				FE1784E61F4AC9F400FA8BD4 /* Resources */,
				79823E122C578C75A8E4F689 /* [CP] Embed Pods Frameworks */,
				A8076A2D0486FA3173E98B39 /* [CP] Copy Pods Resources */,
			);
			buildRules = (
			);
			dependencies = (
			);
			name = Running;
			productName = Running;
			productReference = FE1784E81F4AC9F400FA8BD4 /* Running.app */;
			productType = "com.apple.product-type.application";
		};
		FE1785001F4AC9F400FA8BD4 /* RunningTests */ = {
			isa = PBXNativeTarget;
			buildConfigurationList = FE1785181F4AC9F400FA8BD4 /* Build configuration list for PBXNativeTarget "RunningTests" */;
			buildPhases = (
				D346B93FA73DB10926271ED3 /* [CP] Check Pods Manifest.lock */,
				FE1784FD1F4AC9F400FA8BD4 /* Sources */,
				FE1784FE1F4AC9F400FA8BD4 /* Frameworks */,
				FE1784FF1F4AC9F400FA8BD4 /* Resources */,
				5724D5572A249FE009D32FAE /* [CP] Embed Pods Frameworks */,
				D4895E50523BD28277073BDE /* [CP] Copy Pods Resources */,
			);
			buildRules = (
			);
			dependencies = (
				FE1785031F4AC9F400FA8BD4 /* PBXTargetDependency */,
			);
			name = RunningTests;
			productName = RunningTests;
			productReference = FE1785011F4AC9F400FA8BD4 /* RunningTests.xctest */;
			productType = "com.apple.product-type.bundle.unit-test";
		};
		FE17850B1F4AC9F400FA8BD4 /* RunningUITests */ = {
			isa = PBXNativeTarget;
			buildConfigurationList = FE17851B1F4AC9F400FA8BD4 /* Build configuration list for PBXNativeTarget "RunningUITests" */;
			buildPhases = (
				B9A7AD9BDE6B083CA746CCE3 /* [CP] Check Pods Manifest.lock */,
				FE1785081F4AC9F400FA8BD4 /* Sources */,
				FE1785091F4AC9F400FA8BD4 /* Frameworks */,
				FE17850A1F4AC9F400FA8BD4 /* Resources */,
				19B8845EB50095190D73140B /* [CP] Embed Pods Frameworks */,
				C800338B17D5DBD8F96DB2DA /* [CP] Copy Pods Resources */,
			);
			buildRules = (
			);
			dependencies = (
				FE17850E1F4AC9F400FA8BD4 /* PBXTargetDependency */,
			);
			name = RunningUITests;
			productName = RunningUITests;
			productReference = FE17850C1F4AC9F400FA8BD4 /* RunningUITests.xctest */;
			productType = "com.apple.product-type.bundle.ui-testing";
		};
/* End PBXNativeTarget section */

/* Begin PBXProject section */
		FE1784E01F4AC9F400FA8BD4 /* Project object */ = {
			isa = PBXProject;
			attributes = {
				LastUpgradeCheck = 0830;
				ORGANIZATIONNAME = "吕志杰";
				TargetAttributes = {
					FE1784E71F4AC9F400FA8BD4 = {
						CreatedOnToolsVersion = 8.3.3;
						DevelopmentTeam = C7VTEQQ87J;
						ProvisioningStyle = Automatic;
					};
					FE1785001F4AC9F400FA8BD4 = {
						CreatedOnToolsVersion = 8.3.3;
						DevelopmentTeam = C7VTEQQ87J;
						ProvisioningStyle = Automatic;
						TestTargetID = FE1784E71F4AC9F400FA8BD4;
					};
					FE17850B1F4AC9F400FA8BD4 = {
						CreatedOnToolsVersion = 8.3.3;
						DevelopmentTeam = C7VTEQQ87J;
						ProvisioningStyle = Automatic;
						TestTargetID = FE1784E71F4AC9F400FA8BD4;
					};
				};
			};
			buildConfigurationList = FE1784E31F4AC9F400FA8BD4 /* Build configuration list for PBXProject "Running" */;
			compatibilityVersion = "Xcode 3.2";
			developmentRegion = English;
			hasScannedForEncodings = 0;
			knownRegions = (
				en,
				Base,
			);
			mainGroup = FE1784DF1F4AC9F300FA8BD4;
			productRefGroup = FE1784E91F4AC9F400FA8BD4 /* Products */;
			projectDirPath = "";
			projectRoot = "";
			targets = (
				FE1784E71F4AC9F400FA8BD4 /* Running */,
				FE1785001F4AC9F400FA8BD4 /* RunningTests */,
				FE17850B1F4AC9F400FA8BD4 /* RunningUITests */,
			);
		};
/* End PBXProject section */

/* Begin PBXResourcesBuildPhase section */
		FE1784E61F4AC9F400FA8BD4 /* Resources */ = {
			isa = PBXResourcesBuildPhase;
			buildActionMask = 2147483647;
			files = (
				FE1784FB1F4AC9F400FA8BD4 /* LaunchScreen.storyboard in Resources */,
				FE1784F81F4AC9F400FA8BD4 /* Assets.xcassets in Resources */,
				FE1784F61F4AC9F400FA8BD4 /* Main.storyboard in Resources */,
			);
			runOnlyForDeploymentPostprocessing = 0;
		};
		FE1784FF1F4AC9F400FA8BD4 /* Resources */ = {
			isa = PBXResourcesBuildPhase;
			buildActionMask = 2147483647;
			files = (
			);
			runOnlyForDeploymentPostprocessing = 0;
		};
		FE17850A1F4AC9F400FA8BD4 /* Resources */ = {
			isa = PBXResourcesBuildPhase;
			buildActionMask = 2147483647;
			files = (
			);
			runOnlyForDeploymentPostprocessing = 0;
		};
/* End PBXResourcesBuildPhase section */

/* Begin PBXShellScriptBuildPhase section */
		19B8845EB50095190D73140B /* [CP] Embed Pods Frameworks */ = {
			isa = PBXShellScriptBuildPhase;
			buildActionMask = 2147483647;
			files = (
			);
			inputPaths = (
			);
			name = "[CP] Embed Pods Frameworks";
			outputPaths = (
			);
			runOnlyForDeploymentPostprocessing = 0;
			shellPath = /bin/sh;
			shellScript = "\"${SRCROOT}/Pods/Target Support Files/Pods-RunningUITests/Pods-RunningUITests-frameworks.sh\"\n";
			showEnvVarsInLog = 0;
		};
		5724D5572A249FE009D32FAE /* [CP] Embed Pods Frameworks */ = {
			isa = PBXShellScriptBuildPhase;
			buildActionMask = 2147483647;
			files = (
			);
			inputPaths = (
			);
			name = "[CP] Embed Pods Frameworks";
			outputPaths = (
			);
			runOnlyForDeploymentPostprocessing = 0;
			shellPath = /bin/sh;
			shellScript = "\"${SRCROOT}/Pods/Target Support Files/Pods-RunningTests/Pods-RunningTests-frameworks.sh\"\n";
			showEnvVarsInLog = 0;
		};
		79823E122C578C75A8E4F689 /* [CP] Embed Pods Frameworks */ = {
			isa = PBXShellScriptBuildPhase;
			buildActionMask = 2147483647;
			files = (
			);
			inputPaths = (
			);
			name = "[CP] Embed Pods Frameworks";
			outputPaths = (
			);
			runOnlyForDeploymentPostprocessing = 0;
			shellPath = /bin/sh;
			shellScript = "\"${SRCROOT}/Pods/Target Support Files/Pods-Running/Pods-Running-frameworks.sh\"\n";
			showEnvVarsInLog = 0;
		};
		7F974AFF49AFA16D0B6502EC /* [CP] Check Pods Manifest.lock */ = {
			isa = PBXShellScriptBuildPhase;
			buildActionMask = 2147483647;
			files = (
			);
			inputPaths = (
			);
			name = "[CP] Check Pods Manifest.lock";
			outputPaths = (
			);
			runOnlyForDeploymentPostprocessing = 0;
			shellPath = /bin/sh;
			shellScript = "diff \"${PODS_ROOT}/../Podfile.lock\" \"${PODS_ROOT}/Manifest.lock\" > /dev/null\nif [ $? != 0 ] ; then\n    # print error to STDERR\n    echo \"error: The sandbox is not in sync with the Podfile.lock. Run 'pod install' or update your CocoaPods installation.\" >&2\n    exit 1\nfi\n";
			showEnvVarsInLog = 0;
		};
		A8076A2D0486FA3173E98B39 /* [CP] Copy Pods Resources */ = {
			isa = PBXShellScriptBuildPhase;
			buildActionMask = 2147483647;
			files = (
			);
			inputPaths = (
			);
			name = "[CP] Copy Pods Resources";
			outputPaths = (
			);
			runOnlyForDeploymentPostprocessing = 0;
			shellPath = /bin/sh;
			shellScript = "\"${SRCROOT}/Pods/Target Support Files/Pods-Running/Pods-Running-resources.sh\"\n";
			showEnvVarsInLog = 0;
		};
		B9A7AD9BDE6B083CA746CCE3 /* [CP] Check Pods Manifest.lock */ = {
			isa = PBXShellScriptBuildPhase;
			buildActionMask = 2147483647;
			files = (
			);
			inputPaths = (
			);
			name = "[CP] Check Pods Manifest.lock";
			outputPaths = (
			);
			runOnlyForDeploymentPostprocessing = 0;
			shellPath = /bin/sh;
			shellScript = "diff \"${PODS_ROOT}/../Podfile.lock\" \"${PODS_ROOT}/Manifest.lock\" > /dev/null\nif [ $? != 0 ] ; then\n    # print error to STDERR\n    echo \"error: The sandbox is not in sync with the Podfile.lock. Run 'pod install' or update your CocoaPods installation.\" >&2\n    exit 1\nfi\n";
			showEnvVarsInLog = 0;
		};
		C800338B17D5DBD8F96DB2DA /* [CP] Copy Pods Resources */ = {
			isa = PBXShellScriptBuildPhase;
			buildActionMask = 2147483647;
			files = (
			);
			inputPaths = (
			);
			name = "[CP] Copy Pods Resources";
			outputPaths = (
			);
			runOnlyForDeploymentPostprocessing = 0;
			shellPath = /bin/sh;
			shellScript = "\"${SRCROOT}/Pods/Target Support Files/Pods-RunningUITests/Pods-RunningUITests-resources.sh\"\n";
			showEnvVarsInLog = 0;
		};
		D346B93FA73DB10926271ED3 /* [CP] Check Pods Manifest.lock */ = {
			isa = PBXShellScriptBuildPhase;
			buildActionMask = 2147483647;
			files = (
			);
			inputPaths = (
			);
			name = "[CP] Check Pods Manifest.lock";
			outputPaths = (
			);
			runOnlyForDeploymentPostprocessing = 0;
			shellPath = /bin/sh;
			shellScript = "diff \"${PODS_ROOT}/../Podfile.lock\" \"${PODS_ROOT}/Manifest.lock\" > /dev/null\nif [ $? != 0 ] ; then\n    # print error to STDERR\n    echo \"error: The sandbox is not in sync with the Podfile.lock. Run 'pod install' or update your CocoaPods installation.\" >&2\n    exit 1\nfi\n";
			showEnvVarsInLog = 0;
		};
		D4895E50523BD28277073BDE /* [CP] Copy Pods Resources */ = {
			isa = PBXShellScriptBuildPhase;
			buildActionMask = 2147483647;
			files = (
			);
			inputPaths = (
			);
			name = "[CP] Copy Pods Resources";
			outputPaths = (
			);
			runOnlyForDeploymentPostprocessing = 0;
			shellPath = /bin/sh;
			shellScript = "\"${SRCROOT}/Pods/Target Support Files/Pods-RunningTests/Pods-RunningTests-resources.sh\"\n";
			showEnvVarsInLog = 0;
		};
/* End PBXShellScriptBuildPhase section */

/* Begin PBXSourcesBuildPhase section */
		FE1784E41F4AC9F400FA8BD4 /* Sources */ = {
			isa = PBXSourcesBuildPhase;
			buildActionMask = 2147483647;
			files = (
				FE1785211F4ACA2A00FA8BD4 /* UIView.m in Sources */,
				FEA203061F4FCC9400FB378E /* lzj_view.m in Sources */,
				FE1784F01F4AC9F400FA8BD4 /* AppDelegate.m in Sources */,
				FE3476C41F4E5D8200436C96 /* Main_ViewController.m in Sources */,
				FEA203031F4E764800FB378E /* Main_Scroller_view.m in Sources */,
				FE1784ED1F4AC9F400FA8BD4 /* main.m in Sources */,
			);
			runOnlyForDeploymentPostprocessing = 0;
		};
		FE1784FD1F4AC9F400FA8BD4 /* Sources */ = {
			isa = PBXSourcesBuildPhase;
			buildActionMask = 2147483647;
			files = (
				FE1785061F4AC9F400FA8BD4 /* RunningTests.m in Sources */,
			);
			runOnlyForDeploymentPostprocessing = 0;
		};
		FE1785081F4AC9F400FA8BD4 /* Sources */ = {
			isa = PBXSourcesBuildPhase;
			buildActionMask = 2147483647;
			files = (
				FE1785111F4AC9F400FA8BD4 /* RunningUITests.m in Sources */,
			);
			runOnlyForDeploymentPostprocessing = 0;
		};
/* End PBXSourcesBuildPhase section */

/* Begin PBXTargetDependency section */
		FE1785031F4AC9F400FA8BD4 /* PBXTargetDependency */ = {
			isa = PBXTargetDependency;
			target = FE1784E71F4AC9F400FA8BD4 /* Running */;
			targetProxy = FE1785021F4AC9F400FA8BD4 /* PBXContainerItemProxy */;
		};
		FE17850E1F4AC9F400FA8BD4 /* PBXTargetDependency */ = {
			isa = PBXTargetDependency;
			target = FE1784E71F4AC9F400FA8BD4 /* Running */;
			targetProxy = FE17850D1F4AC9F400FA8BD4 /* PBXContainerItemProxy */;
		};
/* End PBXTargetDependency section */

/* Begin PBXVariantGroup section */
		FE1784F41F4AC9F400FA8BD4 /* Main.storyboard */ = {
			isa = PBXVariantGroup;
			children = (
				FE1784F51F4AC9F400FA8BD4 /* Base */,
			);
			name = Main.storyboard;
			sourceTree = "<group>";
		};
		FE1784F91F4AC9F400FA8BD4 /* LaunchScreen.storyboard */ = {
			isa = PBXVariantGroup;
			children = (
				FE1784FA1F4AC9F400FA8BD4 /* Base */,
			);
			name = LaunchScreen.storyboard;
			sourceTree = "<group>";
		};
/* End PBXVariantGroup section */

/* Begin XCBuildConfiguration section */
		FE1785131F4AC9F400FA8BD4 /* Debug */ = {
			isa = XCBuildConfiguration;
			buildSettings = {
				ALWAYS_SEARCH_USER_PATHS = NO;
				CLANG_ANALYZER_NONNULL = YES;
				CLANG_ANALYZER_NUMBER_OBJECT_CONVERSION = YES_AGGRESSIVE;
				CLANG_CXX_LANGUAGE_STANDARD = "gnu++0x";
				CLANG_CXX_LIBRARY = "libc++";
				CLANG_ENABLE_MODULES = YES;
				CLANG_ENABLE_OBJC_ARC = YES;
				CLANG_WARN_BOOL_CONVERSION = YES;
				CLANG_WARN_CONSTANT_CONVERSION = YES;
				CLANG_WARN_DIRECT_OBJC_ISA_USAGE = YES_ERROR;
				CLANG_WARN_DOCUMENTATION_COMMENTS = YES;
				CLANG_WARN_EMPTY_BODY = YES;
				CLANG_WARN_ENUM_CONVERSION = YES;
				CLANG_WARN_INFINITE_RECURSION = YES;
				CLANG_WARN_INT_CONVERSION = YES;
				CLANG_WARN_OBJC_ROOT_CLASS = YES_ERROR;
				CLANG_WARN_SUSPICIOUS_MOVE = YES;
				CLANG_WARN_UNREACHABLE_CODE = YES;
				CLANG_WARN__DUPLICATE_METHOD_MATCH = YES;
				"CODE_SIGN_IDENTITY[sdk=iphoneos*]" = "iPhone Developer";
				COPY_PHASE_STRIP = NO;
				DEBUG_INFORMATION_FORMAT = dwarf;
				ENABLE_STRICT_OBJC_MSGSEND = YES;
				ENABLE_TESTABILITY = YES;
				GCC_C_LANGUAGE_STANDARD = gnu99;
				GCC_DYNAMIC_NO_PIC = NO;
				GCC_NO_COMMON_BLOCKS = YES;
				GCC_OPTIMIZATION_LEVEL = 0;
				GCC_PREPROCESSOR_DEFINITIONS = (
					"DEBUG=1",
					"$(inherited)",
				);
				GCC_WARN_64_TO_32_BIT_CONVERSION = YES;
				GCC_WARN_ABOUT_RETURN_TYPE = YES_ERROR;
				GCC_WARN_UNDECLARED_SELECTOR = YES;
				GCC_WARN_UNINITIALIZED_AUTOS = YES_AGGRESSIVE;
				GCC_WARN_UNUSED_FUNCTION = YES;
				GCC_WARN_UNUSED_VARIABLE = YES;
				IPHONEOS_DEPLOYMENT_TARGET = 10.3;
				MTL_ENABLE_DEBUG_INFO = YES;
				ONLY_ACTIVE_ARCH = YES;
				SDKROOT = iphoneos;
			};
			name = Debug;
		};
		FE1785141F4AC9F400FA8BD4 /* Release */ = {
			isa = XCBuildConfiguration;
			buildSettings = {
				ALWAYS_SEARCH_USER_PATHS = NO;
				CLANG_ANALYZER_NONNULL = YES;
				CLANG_ANALYZER_NUMBER_OBJECT_CONVERSION = YES_AGGRESSIVE;
				CLANG_CXX_LANGUAGE_STANDARD = "gnu++0x";
				CLANG_CXX_LIBRARY = "libc++";
				CLANG_ENABLE_MODULES = YES;
				CLANG_ENABLE_OBJC_ARC = YES;
				CLANG_WARN_BOOL_CONVERSION = YES;
				CLANG_WARN_CONSTANT_CONVERSION = YES;
				CLANG_WARN_DIRECT_OBJC_ISA_USAGE = YES_ERROR;
				CLANG_WARN_DOCUMENTATION_COMMENTS = YES;
				CLANG_WARN_EMPTY_BODY = YES;
				CLANG_WARN_ENUM_CONVERSION = YES;
				CLANG_WARN_INFINITE_RECURSION = YES;
				CLANG_WARN_INT_CONVERSION = YES;
				CLANG_WARN_OBJC_ROOT_CLASS = YES_ERROR;
				CLANG_WARN_SUSPICIOUS_MOVE = YES;
				CLANG_WARN_UNREACHABLE_CODE = YES;
				CLANG_WARN__DUPLICATE_METHOD_MATCH = YES;
				"CODE_SIGN_IDENTITY[sdk=iphoneos*]" = "iPhone Developer";
				COPY_PHASE_STRIP = NO;
				DEBUG_INFORMATION_FORMAT = "dwarf-with-dsym";
				ENABLE_NS_ASSERTIONS = NO;
				ENABLE_STRICT_OBJC_MSGSEND = YES;
				GCC_C_LANGUAGE_STANDARD = gnu99;
				GCC_NO_COMMON_BLOCKS = YES;
				GCC_WARN_64_TO_32_BIT_CONVERSION = YES;
				GCC_WARN_ABOUT_RETURN_TYPE = YES_ERROR;
				GCC_WARN_UNDECLARED_SELECTOR = YES;
				GCC_WARN_UNINITIALIZED_AUTOS = YES_AGGRESSIVE;
				GCC_WARN_UNUSED_FUNCTION = YES;
				GCC_WARN_UNUSED_VARIABLE = YES;
				IPHONEOS_DEPLOYMENT_TARGET = 10.3;
				MTL_ENABLE_DEBUG_INFO = NO;
				SDKROOT = iphoneos;
				VALIDATE_PRODUCT = YES;
			};
			name = Release;
		};
		FE1785161F4AC9F400FA8BD4 /* Debug */ = {
			isa = XCBuildConfiguration;
			baseConfigurationReference = 4112D19F4EBA9A82D8C2C558 /* Pods-Running.debug.xcconfig */;
			buildSettings = {
				ASSETCATALOG_COMPILER_APPICON_NAME = AppIcon;
				DEVELOPMENT_TEAM = C7VTEQQ87J;
				GCC_PREFIX_HEADER = /Users/lvzhijie/Desktop/Running/Running/Running_PrefixHeader.pch;
				INFOPLIST_FILE = Running/Info.plist;
				IPHONEOS_DEPLOYMENT_TARGET = 9.1;
				LD_RUNPATH_SEARCH_PATHS = "$(inherited) @executable_path/Frameworks";
				PRODUCT_BUNDLE_IDENTIFIER = com.lzj.Running;
				PRODUCT_NAME = "$(TARGET_NAME)";
			};
			name = Debug;
		};
		FE1785171F4AC9F400FA8BD4 /* Release */ = {
			isa = XCBuildConfiguration;
			baseConfigurationReference = 470D2CBB0C28245C2FFE7FF7 /* Pods-Running.release.xcconfig */;
			buildSettings = {
				ASSETCATALOG_COMPILER_APPICON_NAME = AppIcon;
				DEVELOPMENT_TEAM = C7VTEQQ87J;
				GCC_PREFIX_HEADER = /Users/lvzhijie/Desktop/Running/Running/Running_PrefixHeader.pch;
				INFOPLIST_FILE = Running/Info.plist;
				IPHONEOS_DEPLOYMENT_TARGET = 9.1;
				LD_RUNPATH_SEARCH_PATHS = "$(inherited) @executable_path/Frameworks";
				PRODUCT_BUNDLE_IDENTIFIER = com.lzj.Running;
				PRODUCT_NAME = "$(TARGET_NAME)";
			};
			name = Release;
		};
		FE1785191F4AC9F400FA8BD4 /* Debug */ = {
			isa = XCBuildConfiguration;
			baseConfigurationReference = 4EFA982F84BCD942B45B3A89 /* Pods-RunningTests.debug.xcconfig */;
			buildSettings = {
				BUNDLE_LOADER = "$(TEST_HOST)";
				DEVELOPMENT_TEAM = C7VTEQQ87J;
				INFOPLIST_FILE = RunningTests/Info.plist;
				LD_RUNPATH_SEARCH_PATHS = "$(inherited) @executable_path/Frameworks @loader_path/Frameworks";
				PRODUCT_BUNDLE_IDENTIFIER = com.lzj.RunningTests;
				PRODUCT_NAME = "$(TARGET_NAME)";
				TEST_HOST = "$(BUILT_PRODUCTS_DIR)/Running.app/Running";
			};
			name = Debug;
		};
		FE17851A1F4AC9F400FA8BD4 /* Release */ = {
			isa = XCBuildConfiguration;
			baseConfigurationReference = C5E0B90236876FAD3C42EA1E /* Pods-RunningTests.release.xcconfig */;
			buildSettings = {
				BUNDLE_LOADER = "$(TEST_HOST)";
				DEVELOPMENT_TEAM = C7VTEQQ87J;
				INFOPLIST_FILE = RunningTests/Info.plist;
				LD_RUNPATH_SEARCH_PATHS = "$(inherited) @executable_path/Frameworks @loader_path/Frameworks";
				PRODUCT_BUNDLE_IDENTIFIER = com.lzj.RunningTests;
				PRODUCT_NAME = "$(TARGET_NAME)";
				TEST_HOST = "$(BUILT_PRODUCTS_DIR)/Running.app/Running";
			};
			name = Release;
		};
		FE17851C1F4AC9F400FA8BD4 /* Debug */ = {
			isa = XCBuildConfiguration;
			baseConfigurationReference = A713486DFF50D8C612A48241 /* Pods-RunningUITests.debug.xcconfig */;
			buildSettings = {
				DEVELOPMENT_TEAM = C7VTEQQ87J;
				INFOPLIST_FILE = RunningUITests/Info.plist;
				LD_RUNPATH_SEARCH_PATHS = "$(inherited) @executable_path/Frameworks @loader_path/Frameworks";
				PRODUCT_BUNDLE_IDENTIFIER = com.lzj.RunningUITests;
				PRODUCT_NAME = "$(TARGET_NAME)";
				TEST_TARGET_NAME = Running;
			};
			name = Debug;
		};
		FE17851D1F4AC9F400FA8BD4 /* Release */ = {
			isa = XCBuildConfiguration;
			baseConfigurationReference = 46C184AE712D6502081AE28E /* Pods-RunningUITests.release.xcconfig */;
			buildSettings = {
				DEVELOPMENT_TEAM = C7VTEQQ87J;
				INFOPLIST_FILE = RunningUITests/Info.plist;
				LD_RUNPATH_SEARCH_PATHS = "$(inherited) @executable_path/Frameworks @loader_path/Frameworks";
				PRODUCT_BUNDLE_IDENTIFIER = com.lzj.RunningUITests;
				PRODUCT_NAME = "$(TARGET_NAME)";
				TEST_TARGET_NAME = Running;
			};
			name = Release;
		};
/* End XCBuildConfiguration section */

/* Begin XCConfigurationList section */
		FE1784E31F4AC9F400FA8BD4 /* Build configuration list for PBXProject "Running" */ = {
			isa = XCConfigurationList;
			buildConfigurations = (
				FE1785131F4AC9F400FA8BD4 /* Debug */,
				FE1785141F4AC9F400FA8BD4 /* Release */,
			);
			defaultConfigurationIsVisible = 0;
			defaultConfigurationName = Release;
		};
		FE1785151F4AC9F400FA8BD4 /* Build configuration list for PBXNativeTarget "Running" */ = {
			isa = XCConfigurationList;
			buildConfigurations = (
				FE1785161F4AC9F400FA8BD4 /* Debug */,
				FE1785171F4AC9F400FA8BD4 /* Release */,
			);
			defaultConfigurationIsVisible = 0;
			defaultConfigurationName = Release;
		};
		FE1785181F4AC9F400FA8BD4 /* Build configuration list for PBXNativeTarget "RunningTests" */ = {
			isa = XCConfigurationList;
			buildConfigurations = (
				FE1785191F4AC9F400FA8BD4 /* Debug */,
				FE17851A1F4AC9F400FA8BD4 /* Release */,
			);
			defaultConfigurationIsVisible = 0;
			defaultConfigurationName = Release;
		};
		FE17851B1F4AC9F400FA8BD4 /* Build configuration list for PBXNativeTarget "RunningUITests" */ = {
			isa = XCConfigurationList;
			buildConfigurations = (
				FE17851C1F4AC9F400FA8BD4 /* Debug */,
				FE17851D1F4AC9F400FA8BD4 /* Release */,
			);
			defaultConfigurationIsVisible = 0;
			defaultConfigurationName = Release;
		};
/* End XCConfigurationList section */
	};
	rootObject = FE1784E01F4AC9F400FA8BD4 /* Project object */;
}
